<?xml version="1.0" encoding="utf-8"?>
<Project ToolsVersion="4.0" xmlns="http://schemas.microsoft.com/developer/msbuild/2003">
  <ItemGroup>
    <Filter Include="Source Files">
      <UniqueIdentifier>{4FC737F1-C7A5-4376-A066-2A32D752A2FF}</UniqueIdentifier>
      <Extensions>cpp;c;cc;cxx;c++;cppm;ixx;def;odl;idl;hpj;bat;asm;asmx</Extensions>
    </Filter>
    <Filter Include="Header Files">
      <UniqueIdentifier>{93995380-89BD-4b04-88EB-625FBE52EBFB}</UniqueIdentifier>
      <Extensions>h;hh;hpp;hxx;h++;hm;inl;inc;ipp;xsd</Extensions>
    </Filter>
    <Filter Include="Resource Files">
      <UniqueIdentifier>{67DA6AB6-F800-4c08-8B7A-83BB121AAD01}</UniqueIdentifier>
      <Extensions>rc;ico;cur;bmp;dlg;rc2;rct;bin;rgs;gif;jpg;jpeg;jpe;resx;tiff;tif;png;wav;mfcribbon-ms</Extensions>
    </Filter>
    <Filter Include="Header Files\Math">
      <UniqueIdentifier>{947b5218-210e-4bf5-af65-5a7417d27576}</UniqueIdentifier>
    </Filter>
    <Filter Include="Source Files\Math">
      <UniqueIdentifier>{ad2fe989-985b-439c-bfcb-e933860fff6a}</UniqueIdentifier>
    </Filter>
    <Filter Include="Header Files\Core">
      <UniqueIdentifier>{bd828bb2-726b-4f7d-9c4d-11c92bf3f0d8}</UniqueIdentifier>
    </Filter>
    <Filter Include="Source Files\Core">
      <UniqueIdentifier>{59165d5e-fb9b-4110-b1ad-ff4c6283d736}</UniqueIdentifier>
    </Filter>
  </ItemGroup>
  <ItemGroup>
    <ClCompile Include="src\Core\Object\Sphere.cpp">
      <Filter>Source Files\Core</Filter>
    </ClCompile>
    <ClCompile Include="src\Core\Camera.cpp">
      <Filter>Source Files\Core</Filter>
    </ClCompile>
    <ClCompile Include="src\Core\Canvas.cpp">
      <Filter>Source Files\Core</Filter>
    </ClCompile>
    <ClCompile Include="src\Core\Intersection.cpp">
      <Filter>Source Files\Core</Filter>
    </ClCompile>
    <ClCompile Include="src\Core\Light\Light.cpp">
      <Filter>Source Files\Core</Filter>
    </ClCompile>
    <ClCompile Include="src\Core\Material\Material.cpp">
      <Filter>Source Files\Core</Filter>
    </ClCompile>
    <ClCompile Include="src\Core\Object\Object.cpp">
      <Filter>Source Files\Core</Filter>
    </ClCompile>
    <ClCompile Include="src\Core\Light\PointLight.cpp">
      <Filter>Source Files\Core</Filter>
    </ClCompile>
    <ClCompile Include="src\Core\Scene\Scene.cpp">
      <Filter>Source Files\Core</Filter>
    </ClCompile>
    <ClCompile Include="Main.cpp">
      <Filter>Source Files</Filter>
    </ClCompile>
  </ItemGroup>
  <ItemGroup>
    <ClInclude Include="include\Math\Matrix\MatrixTransform.h">
      <Filter>Header Files\Math</Filter>
    </ClInclude>
    <ClInclude Include="include\Math\Matrix\Matrix2.h">
      <Filter>Header Files\Math</Filter>
    </ClInclude>
    <ClInclude Include="include\Math\Matrix\Matrix3.h">
      <Filter>Header Files\Math</Filter>
    </ClInclude>
    <ClInclude Include="include\Math\Matrix\Matrix4.h">
      <Filter>Header Files\Math</Filter>
    </ClInclude>
    <ClInclude Include="include\Math\Matrix\MatrixCommon.h">
      <Filter>Header Files\Math</Filter>
    </ClInclude>
    <ClInclude Include="include\Math\CMath.h">
      <Filter>Header Files\Math</Filter>
    </ClInclude>
    <ClInclude Include="include\Math\Geometric.h">
      <Filter>Header Files\Math</Filter>
    </ClInclude>
    <ClInclude Include="include\Math\Vector\Vector.h">
      <Filter>Header Files\Math</Filter>
    </ClInclude>
    <ClInclude Include="include\Core\Camera.h">
      <Filter>Header Files\Core</Filter>
    </ClInclude>
    <ClInclude Include="include\Core\Canvas.h">
      <Filter>Header Files\Core</Filter>
    </ClInclude>
    <ClInclude Include="include\Core\Intersection.h">
      <Filter>Header Files\Core</Filter>
    </ClInclude>
    <ClInclude Include="include\Core\Light\Light.h">
      <Filter>Header Files\Core</Filter>
    </ClInclude>
    <ClInclude Include="include\Core\Material\Material.h">
      <Filter>Header Files\Core</Filter>
    </ClInclude>
    <ClInclude Include="include\mtr.h">
      <Filter>Header Files\Core</Filter>
    </ClInclude>
    <ClInclude Include="include\Core\Object\Object.h">
      <Filter>Header Files\Core</Filter>
    </ClInclude>
    <ClInclude Include="include\Core\Light\PointLight.h">
      <Filter>Header Files\Core</Filter>
    </ClInclude>
    <ClInclude Include="include\Core\Ray\Ray.h">
      <Filter>Header Files\Core</Filter>
    </ClInclude>
    <ClInclude Include="include\Core\Ray\RayCommon.h">
      <Filter>Header Files\Core</Filter>
    </ClInclude>
    <ClInclude Include="include\Core\Scene\Scene.h">
      <Filter>Header Files\Core</Filter>
    </ClInclude>
    <ClInclude Include="include\Core\Object\Sphere.h">
      <Filter>Header Files\Core</Filter>
    </ClInclude>
  </ItemGroup>
</Project>